
Microsoft Visual Studio Solution File, Format Version 12.00
# Visual Studio 2017
Project("{FAE04EC0-301F-11D3-BF4B-00C04F79EFBC}") = "ed", "ed.csproj", "{A8EAA83A-FA13-6DCB-B94C-D3A021BD25E2}"
EndProject
Project("{FAE04EC0-301F-11D3-BF4B-00C04F79EFBC}") = "ed.Plugins", "ed.Plugins.csproj", "{0AF58138-86AE-467E-AC31-12C1B1E04B36}"
EndProject
Project("{FAE04EC0-301F-11D3-BF4B-00C04F79EFBC}") = "ed.Editor.Plugins", "ed.Editor.Plugins.csproj", "{B88C8DB0-325F-97BF-504A-A02F744C8D13}"
EndProject
Global
	GlobalSection(SolutionConfigurationPlatforms) = preSolution
		Debug|Any CPU = Debug|Any CPU
		Release|Any CPU = Release|Any CPU
	EndGlobalSection
	GlobalSection(ProjectConfigurationPlatforms) = postSolution
		{A8EAA83A-FA13-6DCB-B94C-D3A021BD25E2}.Debug|Any CPU.ActiveCfg = Debug|Any CPU
		{A8EAA83A-FA13-6DCB-B94C-D3A021BD25E2}.Debug|Any CPU.Build.0 = Debug|Any CPU
		{A8EAA83A-FA13-6DCB-B94C-D3A021BD25E2}.Release|Any CPU.ActiveCfg = Release|Any CPU
		{A8EAA83A-FA13-6DCB-B94C-D3A021BD25E2}.Release|Any CPU.Build.0 = Release|Any CPU
		{0AF58138-86AE-467E-AC31-12C1B1E04B36}.Debug|Any CPU.ActiveCfg = Debug|Any CPU
		{0AF58138-86AE-467E-AC31-12C1B1E04B36}.Debug|Any CPU.Build.0 = Debug|Any CPU
		{0AF58138-86AE-467E-AC31-12C1B1E04B36}.Release|Any CPU.ActiveCfg = Release|Any CPU
		{0AF58138-86AE-467E-AC31-12C1B1E04B36}.Release|Any CPU.Build.0 = Release|Any CPU
		{B88C8DB0-325F-97BF-504A-A02F744C8D13}.Debug|Any CPU.ActiveCfg = Debug|Any CPU
		{B88C8DB0-325F-97BF-504A-A02F744C8D13}.Debug|Any CPU.Build.0 = Debug|Any CPU
		{B88C8DB0-325F-97BF-504A-A02F744C8D13}.Release|Any CPU.ActiveCfg = Release|Any CPU
		{B88C8DB0-325F-97BF-504A-A02F744C8D13}.Release|Any CPU.Build.0 = Release|Any CPU
	EndGlobalSection
	GlobalSection(SolutionProperties) = preSolution
		HideSolutionNode = FALSE
	EndGlobalSection
EndGlobal
